
Microsoft Visual Studio Solution File, Format Version 12.00
# Visual Studio 2013
VisualStudioVersion = 12.0.30723.0
MinimumVisualStudioVersion = 10.0.40219.1
Project("{FAE04EC0-301F-11D3-BF4B-00C04F79EFBC}") = "ServerSync", "ServerSync\ServerSync.csproj", "{5BFF8047-2DCF-4CAC-A628-02A0FEDAE137}"
EndProject
Project("{FAE04EC0-301F-11D3-BF4B-00C04F79EFBC}") = "ServerSync.Core", "ServerSync.Core\ServerSync.Core.csproj", "{660FFCF6-E738-4BF3-9959-81EFD54F1EE4}"
EndProject
Project("{2150E333-8FDC-42A3-9474-1A3956D46DE8}") = "Common", "Common", "{A3153372-B768-4E26-A265-0DD77C842E8D}"
	ProjectSection(SolutionItems) = preProject
		Common\Common.properties = Common\Common.properties
		Common\Common.targets = Common\Common.targets
		Common\CommonAssemblyInfo.cs = Common\CommonAssemblyInfo.cs
		Common\MSBuild.Community.Tasks.dll = Common\MSBuild.Community.Tasks.dll
		Common\MSBuild.Community.Tasks.Targets = Common\MSBuild.Community.Tasks.Targets
		Common\MSBuild.Community.Tasks.xsd = Common\MSBuild.Community.Tasks.xsd
	EndProjectSection
EndProject
Project("{FAE04EC0-301F-11D3-BF4B-00C04F79EFBC}") = "ServerSync.Model", "ServerSync.Model\ServerSync.Model.csproj", "{374C13C6-AA45-4D65-9F0C-228AD35EBB25}"
EndProject
Global
	GlobalSection(SolutionConfigurationPlatforms) = preSolution
		Debug|Any CPU = Debug|Any CPU
		Release|Any CPU = Release|Any CPU
	EndGlobalSection
	GlobalSection(ProjectConfigurationPlatforms) = postSolution
		{5BFF8047-2DCF-4CAC-A628-02A0FEDAE137}.Debug|Any CPU.ActiveCfg = Debug|Any CPU
		{5BFF8047-2DCF-4CAC-A628-02A0FEDAE137}.Debug|Any CPU.Build.0 = Debug|Any CPU
		{5BFF8047-2DCF-4CAC-A628-02A0FEDAE137}.Release|Any CPU.ActiveCfg = Release|Any CPU
		{5BFF8047-2DCF-4CAC-A628-02A0FEDAE137}.Release|Any CPU.Build.0 = Release|Any CPU
		{660FFCF6-E738-4BF3-9959-81EFD54F1EE4}.Debug|Any CPU.ActiveCfg = Debug|Any CPU
		{660FFCF6-E738-4BF3-9959-81EFD54F1EE4}.Debug|Any CPU.Build.0 = Debug|Any CPU
		{660FFCF6-E738-4BF3-9959-81EFD54F1EE4}.Release|Any CPU.ActiveCfg = Release|Any CPU
		{660FFCF6-E738-4BF3-9959-81EFD54F1EE4}.Release|Any CPU.Build.0 = Release|Any CPU
		{374C13C6-AA45-4D65-9F0C-228AD35EBB25}.Debug|Any CPU.ActiveCfg = Debug|Any CPU
		{374C13C6-AA45-4D65-9F0C-228AD35EBB25}.Debug|Any CPU.Build.0 = Debug|Any CPU
		{374C13C6-AA45-4D65-9F0C-228AD35EBB25}.Release|Any CPU.ActiveCfg = Release|Any CPU
		{374C13C6-AA45-4D65-9F0C-228AD35EBB25}.Release|Any CPU.Build.0 = Release|Any CPU
	EndGlobalSection
	GlobalSection(SolutionProperties) = preSolution
		HideSolutionNode = FALSE
	EndGlobalSection
EndGlobal
