
Microsoft Visual Studio Solution File, Format Version 12.00
# Visual Studio 15
VisualStudioVersion = 15.0.26430.14
MinimumVisualStudioVersion = 10.0.40219.1
Project("{FAE04EC0-301F-11D3-BF4B-00C04F79EFBC}") = "CompareAndCopy", "CompareAndCopy\main\CompareAndCopy.csproj", "{5BFF8047-2DCF-4CAC-A628-02A0FEDAE137}"
EndProject
Project("{FAE04EC0-301F-11D3-BF4B-00C04F79EFBC}") = "CompareAndCopy.Core", "CompareAndCopy.Core\main\CompareAndCopy.Core.csproj", "{660FFCF6-E738-4BF3-9959-81EFD54F1EE4}"
EndProject
Project("{FAE04EC0-301F-11D3-BF4B-00C04F79EFBC}") = "CompareAndCopy.Model", "CompareAndCopy.Model\main\CompareAndCopy.Model.csproj", "{374C13C6-AA45-4D65-9F0C-228AD35EBB25}"
EndProject
Project("{FAE04EC0-301F-11D3-BF4B-00C04F79EFBC}") = "CompareAndCopy.Core.Test", "CompareAndCopy.Core\test\CompareAndCopy.Core.Test.csproj", "{543E1DD9-40E3-45F5-A5D6-0927AEBDD2F3}"
EndProject
Project("{2150E333-8FDC-42A3-9474-1A3956D46DE8}") = "CompareAndCopy", "CompareAndCopy", "{C9DC9B40-538F-41B9-89E9-71473A6A7E5A}"
EndProject
Project("{2150E333-8FDC-42A3-9474-1A3956D46DE8}") = "CompareAndCopy.Core", "CompareAndCopy.Core", "{FBD49614-75F7-45E2-BD51-1C1F1DB1BA25}"
EndProject
Project("{2150E333-8FDC-42A3-9474-1A3956D46DE8}") = "CompareAndCopy.Model", "CompareAndCopy.Model", "{ED7EAB10-422F-4A5F-AD3C-8D39125E77D1}"
EndProject
Global
	GlobalSection(SolutionConfigurationPlatforms) = preSolution
		Debug|Any CPU = Debug|Any CPU
		Release|Any CPU = Release|Any CPU
	EndGlobalSection
	GlobalSection(ProjectConfigurationPlatforms) = postSolution
		{5BFF8047-2DCF-4CAC-A628-02A0FEDAE137}.Debug|Any CPU.ActiveCfg = Debug|Any CPU
		{5BFF8047-2DCF-4CAC-A628-02A0FEDAE137}.Debug|Any CPU.Build.0 = Debug|Any CPU
		{5BFF8047-2DCF-4CAC-A628-02A0FEDAE137}.Release|Any CPU.ActiveCfg = Release|Any CPU
		{5BFF8047-2DCF-4CAC-A628-02A0FEDAE137}.Release|Any CPU.Build.0 = Release|Any CPU
		{660FFCF6-E738-4BF3-9959-81EFD54F1EE4}.Debug|Any CPU.ActiveCfg = Debug|Any CPU
		{660FFCF6-E738-4BF3-9959-81EFD54F1EE4}.Debug|Any CPU.Build.0 = Debug|Any CPU
		{660FFCF6-E738-4BF3-9959-81EFD54F1EE4}.Release|Any CPU.ActiveCfg = Release|Any CPU
		{660FFCF6-E738-4BF3-9959-81EFD54F1EE4}.Release|Any CPU.Build.0 = Release|Any CPU
		{374C13C6-AA45-4D65-9F0C-228AD35EBB25}.Debug|Any CPU.ActiveCfg = Debug|Any CPU
		{374C13C6-AA45-4D65-9F0C-228AD35EBB25}.Debug|Any CPU.Build.0 = Debug|Any CPU
		{374C13C6-AA45-4D65-9F0C-228AD35EBB25}.Release|Any CPU.ActiveCfg = Release|Any CPU
		{374C13C6-AA45-4D65-9F0C-228AD35EBB25}.Release|Any CPU.Build.0 = Release|Any CPU
		{543E1DD9-40E3-45F5-A5D6-0927AEBDD2F3}.Debug|Any CPU.ActiveCfg = Debug|Any CPU
		{543E1DD9-40E3-45F5-A5D6-0927AEBDD2F3}.Debug|Any CPU.Build.0 = Debug|Any CPU
		{543E1DD9-40E3-45F5-A5D6-0927AEBDD2F3}.Release|Any CPU.ActiveCfg = Release|Any CPU
		{543E1DD9-40E3-45F5-A5D6-0927AEBDD2F3}.Release|Any CPU.Build.0 = Release|Any CPU
	EndGlobalSection
	GlobalSection(SolutionProperties) = preSolution
		HideSolutionNode = FALSE
	EndGlobalSection
	GlobalSection(NestedProjects) = preSolution
		{5BFF8047-2DCF-4CAC-A628-02A0FEDAE137} = {C9DC9B40-538F-41B9-89E9-71473A6A7E5A}
		{660FFCF6-E738-4BF3-9959-81EFD54F1EE4} = {FBD49614-75F7-45E2-BD51-1C1F1DB1BA25}
		{374C13C6-AA45-4D65-9F0C-228AD35EBB25} = {ED7EAB10-422F-4A5F-AD3C-8D39125E77D1}
		{543E1DD9-40E3-45F5-A5D6-0927AEBDD2F3} = {FBD49614-75F7-45E2-BD51-1C1F1DB1BA25}
	EndGlobalSection
EndGlobal
